
Microsoft Visual Studio Solution File, Format Version 12.00
# Visual Studio 15
VisualStudioVersion = 15.0.28307.489
MinimumVisualStudioVersion = 10.0.40219.1
Project("{888888A0-9F3D-457C-B088-3A5042F75D52}") = "qiweb", "qiweb\qiweb.pyproj", "{6FB8CD72-625A-454D-9B8B-D60FE9CBE3A5}"
EndProject
Global
	GlobalSection(SolutionConfigurationPlatforms) = preSolution
		Debug|Any CPU = Debug|Any CPU
		Release|Any CPU = Release|Any CPU
	EndGlobalSection
	GlobalSection(ProjectConfigurationPlatforms) = postSolution
		{6FB8CD72-625A-454D-9B8B-D60FE9CBE3A5}.Debug|Any CPU.ActiveCfg = Debug|Any CPU
		{6FB8CD72-625A-454D-9B8B-D60FE9CBE3A5}.Debug|Any CPU.Build.0 = Debug|Any CPU
		{6FB8CD72-625A-454D-9B8B-D60FE9CBE3A5}.Release|Any CPU.ActiveCfg = Release|Any CPU
		{6FB8CD72-625A-454D-9B8B-D60FE9CBE3A5}.Release|Any CPU.Build.0 = Release|Any CPU
	EndGlobalSection
	GlobalSection(SolutionProperties) = preSolution
		HideSolutionNode = FALSE
	EndGlobalSection
	GlobalSection(ExtensibilityGlobals) = postSolution
		SolutionGuid = {6F83663A-947F-4071-8727-8E466AA4290A}
	EndGlobalSection
EndGlobal
